// !$*UTF8*$!
{
	archiveVersion = 1;
	classes = {
	};
	objectVersion = 46;
	objects = {

/* Begin PBXBuildFile section */
		1D5247E67B5C60A8AC4B36BB /* Pods_crash_reporting_demo.framework in Frameworks */ = {isa = PBXBuildFile; fileRef = 17BB9F81DF7EBB4804E09111 /* Pods_crash_reporting_demo.framework */; };
		66CD9A96820A6BA0CD2242AB /* Pods_Framework.framework in Frameworks */ = {isa = PBXBuildFile; fileRef = C1F3F7BE4F58B83B678A004C /* Pods_Framework.framework */; };
		69D8678F1EE0381600EEBB6B /* TimerService.swift in Sources */ = {isa = PBXBuildFile; fileRef = 69D8678E1EE0381600EEBB6B /* TimerService.swift */; };
		69D867911EE0390900EEBB6B /* ViewModel.swift in Sources */ = {isa = PBXBuildFile; fileRef = 69D867901EE0390900EEBB6B /* ViewModel.swift */; };
		69D867921EE03AED00EEBB6B /* ViewController.swift in Sources */ = {isa = PBXBuildFile; fileRef = 69E1C4521EE03352001AE376 /* ViewController.swift */; };
		69E0B97C1EE03546002A92B0 /* Framework.h in Headers */ = {isa = PBXBuildFile; fileRef = 69E0B9791EE034DC002A92B0 /* Framework.h */; settings = {ATTRIBUTES = (Public, ); }; };
		69E1C4511EE03352001AE376 /* AppDelegate.swift in Sources */ = {isa = PBXBuildFile; fileRef = 69E1C4501EE03352001AE376 /* AppDelegate.swift */; };
		69E1C4581EE03352001AE376 /* Assets.xcassets in Resources */ = {isa = PBXBuildFile; fileRef = 69E1C4571EE03352001AE376 /* Assets.xcassets */; };
		69E1C45B1EE03352001AE376 /* LaunchScreen.storyboard in Resources */ = {isa = PBXBuildFile; fileRef = 69E1C4591EE03352001AE376 /* LaunchScreen.storyboard */; };
		69E1C46C1EE03368001AE376 /* Framework.framework in Frameworks */ = {isa = PBXBuildFile; fileRef = 69E1C4651EE03368001AE376 /* Framework.framework */; };
		69E1C46D1EE03368001AE376 /* Framework.framework in Embed Frameworks */ = {isa = PBXBuildFile; fileRef = 69E1C4651EE03368001AE376 /* Framework.framework */; settings = {ATTRIBUTES = (CodeSignOnCopy, RemoveHeadersOnCopy, ); }; };
/* End PBXBuildFile section */

/* Begin PBXContainerItemProxy section */
		69E1C46A1EE03368001AE376 /* PBXContainerItemProxy */ = {
			isa = PBXContainerItemProxy;
			containerPortal = 690852411EE0331900451930 /* Project object */;
			proxyType = 1;
			remoteGlobalIDString = 69E1C4641EE03368001AE376;
			remoteInfo = Framework;
		};
/* End PBXContainerItemProxy section */

/* Begin PBXCopyFilesBuildPhase section */
		69E1C4711EE03368001AE376 /* Embed Frameworks */ = {
			isa = PBXCopyFilesBuildPhase;
			buildActionMask = 2147483647;
			dstPath = "";
			dstSubfolderSpec = 10;
			files = (
				69E1C46D1EE03368001AE376 /* Framework.framework in Embed Frameworks */,
			);
			name = "Embed Frameworks";
			runOnlyForDeploymentPostprocessing = 0;
		};
/* End PBXCopyFilesBuildPhase section */

/* Begin PBXFileReference section */
		17BB9F81DF7EBB4804E09111 /* Pods_crash_reporting_demo.framework */ = {isa = PBXFileReference; explicitFileType = wrapper.framework; includeInIndex = 0; path = Pods_crash_reporting_demo.framework; sourceTree = BUILT_PRODUCTS_DIR; };
		69D8678E1EE0381600EEBB6B /* TimerService.swift */ = {isa = PBXFileReference; fileEncoding = 4; lastKnownFileType = sourcecode.swift; path = TimerService.swift; sourceTree = "<group>"; };
		69D867901EE0390900EEBB6B /* ViewModel.swift */ = {isa = PBXFileReference; fileEncoding = 4; lastKnownFileType = sourcecode.swift; path = ViewModel.swift; sourceTree = "<group>"; };
		69E0B9771EE034DC002A92B0 /* crash-reporting-demo-Info.plist */ = {isa = PBXFileReference; fileEncoding = 4; lastKnownFileType = text.plist.xml; path = "crash-reporting-demo-Info.plist"; sourceTree = "<group>"; };
		69E0B9781EE034DC002A92B0 /* Framework-Info.plist */ = {isa = PBXFileReference; fileEncoding = 4; lastKnownFileType = text.plist.xml; path = "Framework-Info.plist"; sourceTree = "<group>"; };
		69E0B9791EE034DC002A92B0 /* Framework.h */ = {isa = PBXFileReference; fileEncoding = 4; lastKnownFileType = sourcecode.c.h; path = Framework.h; sourceTree = "<group>"; };
		69E1C44D1EE03352001AE376 /* crash-reporting-demo.app */ = {isa = PBXFileReference; explicitFileType = wrapper.application; includeInIndex = 0; path = "crash-reporting-demo.app"; sourceTree = BUILT_PRODUCTS_DIR; };
		69E1C4501EE03352001AE376 /* AppDelegate.swift */ = {isa = PBXFileReference; lastKnownFileType = sourcecode.swift; path = AppDelegate.swift; sourceTree = "<group>"; };
		69E1C4521EE03352001AE376 /* ViewController.swift */ = {isa = PBXFileReference; lastKnownFileType = sourcecode.swift; path = ViewController.swift; sourceTree = "<group>"; };
		69E1C4571EE03352001AE376 /* Assets.xcassets */ = {isa = PBXFileReference; lastKnownFileType = folder.assetcatalog; path = Assets.xcassets; sourceTree = "<group>"; };
		69E1C45A1EE03352001AE376 /* Base */ = {isa = PBXFileReference; lastKnownFileType = file.storyboard; name = Base; path = Base.lproj/LaunchScreen.storyboard; sourceTree = "<group>"; };
		69E1C4651EE03368001AE376 /* Framework.framework */ = {isa = PBXFileReference; explicitFileType = wrapper.framework; includeInIndex = 0; path = Framework.framework; sourceTree = BUILT_PRODUCTS_DIR; };
		7215EB3B2DC4B9AC8A3A8672 /* Pods-Framework.debug.xcconfig */ = {isa = PBXFileReference; includeInIndex = 1; lastKnownFileType = text.xcconfig; name = "Pods-Framework.debug.xcconfig"; path = "Pods/Target Support Files/Pods-Framework/Pods-Framework.debug.xcconfig"; sourceTree = "<group>"; };
		9C63E771E20BE8CB3AFDE1E9 /* Pods-crash-reporting-demo.debug.xcconfig */ = {isa = PBXFileReference; includeInIndex = 1; lastKnownFileType = text.xcconfig; name = "Pods-crash-reporting-demo.debug.xcconfig"; path = "Pods/Target Support Files/Pods-crash-reporting-demo/Pods-crash-reporting-demo.debug.xcconfig"; sourceTree = "<group>"; };
		AD609D6D9B9FEACAABAD8BB0 /* Pods-crash-reporting-demo.release.xcconfig */ = {isa = PBXFileReference; includeInIndex = 1; lastKnownFileType = text.xcconfig; name = "Pods-crash-reporting-demo.release.xcconfig"; path = "Pods/Target Support Files/Pods-crash-reporting-demo/Pods-crash-reporting-demo.release.xcconfig"; sourceTree = "<group>"; };
		C1F3F7BE4F58B83B678A004C /* Pods_Framework.framework */ = {isa = PBXFileReference; explicitFileType = wrapper.framework; includeInIndex = 0; path = Pods_Framework.framework; sourceTree = BUILT_PRODUCTS_DIR; };
		FC26A9986818787ECF4D8A02 /* Pods-Framework.release.xcconfig */ = {isa = PBXFileReference; includeInIndex = 1; lastKnownFileType = text.xcconfig; name = "Pods-Framework.release.xcconfig"; path = "Pods/Target Support Files/Pods-Framework/Pods-Framework.release.xcconfig"; sourceTree = "<group>"; };
/* End PBXFileReference section */

/* Begin PBXFrameworksBuildPhase section */
		69E1C44A1EE03352001AE376 /* Frameworks */ = {
			isa = PBXFrameworksBuildPhase;
			buildActionMask = 2147483647;
			files = (
				69E1C46C1EE03368001AE376 /* Framework.framework in Frameworks */,
				1D5247E67B5C60A8AC4B36BB /* Pods_crash_reporting_demo.framework in Frameworks */,
			);
			runOnlyForDeploymentPostprocessing = 0;
		};
		69E1C4611EE03368001AE376 /* Frameworks */ = {
			isa = PBXFrameworksBuildPhase;
			buildActionMask = 2147483647;
			files = (
				66CD9A96820A6BA0CD2242AB /* Pods_Framework.framework in Frameworks */,
			);
			runOnlyForDeploymentPostprocessing = 0;
		};
/* End PBXFrameworksBuildPhase section */

/* Begin PBXGroup section */
		4F1835E7374E1EAA1F46C44C /* Frameworks */ = {
			isa = PBXGroup;
			children = (
				C1F3F7BE4F58B83B678A004C /* Pods_Framework.framework */,
				17BB9F81DF7EBB4804E09111 /* Pods_crash_reporting_demo.framework */,
			);
			name = Frameworks;
			sourceTree = "<group>";
		};
		5A75B250E2277BD0475A6FFA /* Pods */ = {
			isa = PBXGroup;
			children = (
				7215EB3B2DC4B9AC8A3A8672 /* Pods-Framework.debug.xcconfig */,
				FC26A9986818787ECF4D8A02 /* Pods-Framework.release.xcconfig */,
				9C63E771E20BE8CB3AFDE1E9 /* Pods-crash-reporting-demo.debug.xcconfig */,
				AD609D6D9B9FEACAABAD8BB0 /* Pods-crash-reporting-demo.release.xcconfig */,
			);
			name = Pods;
			sourceTree = "<group>";
		};
		690852401EE0331900451930 = {
			isa = PBXGroup;
			children = (
				69E0B9761EE034DC002A92B0 /* Supporting files */,
				69E1C44F1EE03352001AE376 /* Source */,
				69E1C44E1EE03352001AE376 /* Products */,
				5A75B250E2277BD0475A6FFA /* Pods */,
				4F1835E7374E1EAA1F46C44C /* Frameworks */,
			);
			sourceTree = "<group>";
		};
		69E0B9761EE034DC002A92B0 /* Supporting files */ = {
			isa = PBXGroup;
			children = (
				69E0B9771EE034DC002A92B0 /* crash-reporting-demo-Info.plist */,
				69E0B9781EE034DC002A92B0 /* Framework-Info.plist */,
				69E0B9791EE034DC002A92B0 /* Framework.h */,
			);
			path = "Supporting files";
			sourceTree = "<group>";
		};
		69E1C44E1EE03352001AE376 /* Products */ = {
			isa = PBXGroup;
			children = (
				69E1C44D1EE03352001AE376 /* crash-reporting-demo.app */,
				69E1C4651EE03368001AE376 /* Framework.framework */,
			);
			name = Products;
			sourceTree = "<group>";
		};
		69E1C44F1EE03352001AE376 /* Source */ = {
			isa = PBXGroup;
			children = (
				69E1C4501EE03352001AE376 /* AppDelegate.swift */,
				69E1C4521EE03352001AE376 /* ViewController.swift */,
				69E1C4571EE03352001AE376 /* Assets.xcassets */,
				69E1C4591EE03352001AE376 /* LaunchScreen.storyboard */,
				69D8678E1EE0381600EEBB6B /* TimerService.swift */,
				69D867901EE0390900EEBB6B /* ViewModel.swift */,
			);
			path = Source;
			sourceTree = "<group>";
		};
/* End PBXGroup section */

/* Begin PBXHeadersBuildPhase section */
		69E1C4621EE03368001AE376 /* Headers */ = {
			isa = PBXHeadersBuildPhase;
			buildActionMask = 2147483647;
			files = (
				69E0B97C1EE03546002A92B0 /* Framework.h in Headers */,
			);
			runOnlyForDeploymentPostprocessing = 0;
		};
/* End PBXHeadersBuildPhase section */

/* Begin PBXNativeTarget section */
		69E1C44C1EE03352001AE376 /* crash-reporting-demo */ = {
			isa = PBXNativeTarget;
			buildConfigurationList = 69E1C45F1EE03352001AE376 /* Build configuration list for PBXNativeTarget "crash-reporting-demo" */;
			buildPhases = (
				7AD7E008D0164E3C60CF377B /* [CP] Check Pods Manifest.lock */,
				69E1C4491EE03352001AE376 /* Sources */,
				69E1C44A1EE03352001AE376 /* Frameworks */,
				69E1C44B1EE03352001AE376 /* Resources */,
				69E1C4711EE03368001AE376 /* Embed Frameworks */,
				2D14934341EEC86F59C797B7 /* [CP] Embed Pods Frameworks */,
				596518C6DBC24C060F7ECBB3 /* [CP] Copy Pods Resources */,
				69D867971EE0411F00EEBB6B /* Fabric */,
			);
			buildRules = (
			);
			dependencies = (
				69E1C46B1EE03368001AE376 /* PBXTargetDependency */,
			);
			name = "crash-reporting-demo";
			productName = "crash-reporting-demo";
			productReference = 69E1C44D1EE03352001AE376 /* crash-reporting-demo.app */;
			productType = "com.apple.product-type.application";
		};
		69E1C4641EE03368001AE376 /* Framework */ = {
			isa = PBXNativeTarget;
			buildConfigurationList = 69E1C46E1EE03368001AE376 /* Build configuration list for PBXNativeTarget "Framework" */;
			buildPhases = (
				6C6DC75C87DAF318113662B3 /* [CP] Check Pods Manifest.lock */,
				69E1C4601EE03368001AE376 /* Sources */,
				69E1C4611EE03368001AE376 /* Frameworks */,
				69E1C4621EE03368001AE376 /* Headers */,
				69E1C4631EE03368001AE376 /* Resources */,
				AF5308833CA26D43532A03F4 /* [CP] Copy Pods Resources */,
			);
			buildRules = (
			);
			dependencies = (
			);
			name = Framework;
			productName = Framework;
			productReference = 69E1C4651EE03368001AE376 /* Framework.framework */;
			productType = "com.apple.product-type.framework";
		};
/* End PBXNativeTarget section */

/* Begin PBXProject section */
		690852411EE0331900451930 /* Project object */ = {
			isa = PBXProject;
			attributes = {
				LastSwiftUpdateCheck = 0830;
				LastUpgradeCheck = 0830;
				TargetAttributes = {
					69E1C44C1EE03352001AE376 = {
						CreatedOnToolsVersion = 8.3.2;
						ProvisioningStyle = Manual;
					};
					69E1C4641EE03368001AE376 = {
						CreatedOnToolsVersion = 8.3.2;
						ProvisioningStyle = Automatic;
					};
				};
			};
			buildConfigurationList = 690852441EE0331900451930 /* Build configuration list for PBXProject "crash-reporting-demo" */;
			compatibilityVersion = "Xcode 3.2";
			developmentRegion = English;
			hasScannedForEncodings = 0;
			knownRegions = (
				en,
				Base,
			);
			mainGroup = 690852401EE0331900451930;
			productRefGroup = 69E1C44E1EE03352001AE376 /* Products */;
			projectDirPath = "";
			projectRoot = "";
			targets = (
				69E1C44C1EE03352001AE376 /* crash-reporting-demo */,
				69E1C4641EE03368001AE376 /* Framework */,
			);
		};
/* End PBXProject section */

/* Begin PBXResourcesBuildPhase section */
		69E1C44B1EE03352001AE376 /* Resources */ = {
			isa = PBXResourcesBuildPhase;
			buildActionMask = 2147483647;
			files = (
				69E1C45B1EE03352001AE376 /* LaunchScreen.storyboard in Resources */,
				69E1C4581EE03352001AE376 /* Assets.xcassets in Resources */,
			);
			runOnlyForDeploymentPostprocessing = 0;
		};
		69E1C4631EE03368001AE376 /* Resources */ = {
			isa = PBXResourcesBuildPhase;
			buildActionMask = 2147483647;
			files = (
			);
			runOnlyForDeploymentPostprocessing = 0;
		};
/* End PBXResourcesBuildPhase section */

/* Begin PBXShellScriptBuildPhase section */
		2D14934341EEC86F59C797B7 /* [CP] Embed Pods Frameworks */ = {
			isa = PBXShellScriptBuildPhase;
			buildActionMask = 2147483647;
			files = (
			);
			inputPaths = (
			);
			name = "[CP] Embed Pods Frameworks";
			outputPaths = (
			);
			runOnlyForDeploymentPostprocessing = 0;
			shellPath = /bin/sh;
			shellScript = "\"${SRCROOT}/Pods/Target Support Files/Pods-crash-reporting-demo/Pods-crash-reporting-demo-frameworks.sh\"\n";
			showEnvVarsInLog = 0;
		};
		596518C6DBC24C060F7ECBB3 /* [CP] Copy Pods Resources */ = {
			isa = PBXShellScriptBuildPhase;
			buildActionMask = 2147483647;
			files = (
			);
			inputPaths = (
			);
			name = "[CP] Copy Pods Resources";
			outputPaths = (
			);
			runOnlyForDeploymentPostprocessing = 0;
			shellPath = /bin/sh;
			shellScript = "\"${SRCROOT}/Pods/Target Support Files/Pods-crash-reporting-demo/Pods-crash-reporting-demo-resources.sh\"\n";
			showEnvVarsInLog = 0;
		};
		69D867971EE0411F00EEBB6B /* Fabric */ = {
			isa = PBXShellScriptBuildPhase;
			buildActionMask = 2147483647;
			files = (
			);
			inputPaths = (
			);
			name = Fabric;
			outputPaths = (
			);
			runOnlyForDeploymentPostprocessing = 0;
			shellPath = /bin/sh;
			shellScript = "\"${PODS_ROOT}/Fabric/run\" 9a9b88b718060d96405a3994cf85c801bc3826e3 439cecd394ae322eb498474a87133dcc454073b0948c5f1c90f6b12b22d8e4da";
		};
		6C6DC75C87DAF318113662B3 /* [CP] Check Pods Manifest.lock */ = {
			isa = PBXShellScriptBuildPhase;
			buildActionMask = 2147483647;
			files = (
			);
			inputPaths = (
			);
			name = "[CP] Check Pods Manifest.lock";
			outputPaths = (
			);
			runOnlyForDeploymentPostprocessing = 0;
			shellPath = /bin/sh;
			shellScript = "diff \"${PODS_PODFILE_DIR_PATH}/Podfile.lock\" \"${PODS_ROOT}/Manifest.lock\" > /dev/null\nif [ $? != 0 ] ; then\n    # print error to STDERR\n    echo \"error: The sandbox is not in sync with the Podfile.lock. Run 'pod install' or update your CocoaPods installation.\" >&2\n    exit 1\nfi\n";
			showEnvVarsInLog = 0;
		};
		7AD7E008D0164E3C60CF377B /* [CP] Check Pods Manifest.lock */ = {
			isa = PBXShellScriptBuildPhase;
			buildActionMask = 2147483647;
			files = (
			);
			inputPaths = (
			);
			name = "[CP] Check Pods Manifest.lock";
			outputPaths = (
			);
			runOnlyForDeploymentPostprocessing = 0;
			shellPath = /bin/sh;
			shellScript = "diff \"${PODS_PODFILE_DIR_PATH}/Podfile.lock\" \"${PODS_ROOT}/Manifest.lock\" > /dev/null\nif [ $? != 0 ] ; then\n    # print error to STDERR\n    echo \"error: The sandbox is not in sync with the Podfile.lock. Run 'pod install' or update your CocoaPods installation.\" >&2\n    exit 1\nfi\n";
			showEnvVarsInLog = 0;
		};
		AF5308833CA26D43532A03F4 /* [CP] Copy Pods Resources */ = {
			isa = PBXShellScriptBuildPhase;
			buildActionMask = 2147483647;
			files = (
			);
			inputPaths = (
			);
			name = "[CP] Copy Pods Resources";
			outputPaths = (
			);
			runOnlyForDeploymentPostprocessing = 0;
			shellPath = /bin/sh;
			shellScript = "\"${SRCROOT}/Pods/Target Support Files/Pods-Framework/Pods-Framework-resources.sh\"\n";
			showEnvVarsInLog = 0;
		};
/* End PBXShellScriptBuildPhase section */

/* Begin PBXSourcesBuildPhase section */
		69E1C4491EE03352001AE376 /* Sources */ = {
			isa = PBXSourcesBuildPhase;
			buildActionMask = 2147483647;
			files = (
				69D867921EE03AED00EEBB6B /* ViewController.swift in Sources */,
				69E1C4511EE03352001AE376 /* AppDelegate.swift in Sources */,
			);
			runOnlyForDeploymentPostprocessing = 0;
		};
		69E1C4601EE03368001AE376 /* Sources */ = {
			isa = PBXSourcesBuildPhase;
			buildActionMask = 2147483647;
			files = (
				69D867911EE0390900EEBB6B /* ViewModel.swift in Sources */,
				69D8678F1EE0381600EEBB6B /* TimerService.swift in Sources */,
			);
			runOnlyForDeploymentPostprocessing = 0;
		};
/* End PBXSourcesBuildPhase section */

/* Begin PBXTargetDependency section */
		69E1C46B1EE03368001AE376 /* PBXTargetDependency */ = {
			isa = PBXTargetDependency;
			target = 69E1C4641EE03368001AE376 /* Framework */;
			targetProxy = 69E1C46A1EE03368001AE376 /* PBXContainerItemProxy */;
		};
/* End PBXTargetDependency section */

/* Begin PBXVariantGroup section */
		69E1C4591EE03352001AE376 /* LaunchScreen.storyboard */ = {
			isa = PBXVariantGroup;
			children = (
				69E1C45A1EE03352001AE376 /* Base */,
			);
			name = LaunchScreen.storyboard;
			sourceTree = "<group>";
		};
/* End PBXVariantGroup section */

/* Begin XCBuildConfiguration section */
		690852451EE0331900451930 /* Debug */ = {
			isa = XCBuildConfiguration;
			buildSettings = {
			};
			name = Debug;
		};
		690852461EE0331900451930 /* Release */ = {
			isa = XCBuildConfiguration;
			buildSettings = {
			};
			name = Release;
		};
		69E1C45D1EE03352001AE376 /* Debug */ = {
			isa = XCBuildConfiguration;
			baseConfigurationReference = 9C63E771E20BE8CB3AFDE1E9 /* Pods-crash-reporting-demo.debug.xcconfig */;
			buildSettings = {
				ALWAYS_EMBED_SWIFT_STANDARD_LIBRARIES = "$(inherited)";
				ALWAYS_SEARCH_USER_PATHS = NO;
				ASSETCATALOG_COMPILER_APPICON_NAME = AppIcon;
				CLANG_ANALYZER_NONNULL = YES;
				CLANG_ANALYZER_NUMBER_OBJECT_CONVERSION = YES_AGGRESSIVE;
				CLANG_CXX_LANGUAGE_STANDARD = "gnu++0x";
				CLANG_CXX_LIBRARY = "libc++";
				CLANG_ENABLE_MODULES = YES;
				CLANG_ENABLE_OBJC_ARC = YES;
				CLANG_WARN_BOOL_CONVERSION = YES;
				CLANG_WARN_CONSTANT_CONVERSION = YES;
				CLANG_WARN_DIRECT_OBJC_ISA_USAGE = YES_ERROR;
				CLANG_WARN_DOCUMENTATION_COMMENTS = YES;
				CLANG_WARN_EMPTY_BODY = YES;
				CLANG_WARN_ENUM_CONVERSION = YES;
				CLANG_WARN_INFINITE_RECURSION = YES;
				CLANG_WARN_INT_CONVERSION = YES;
				CLANG_WARN_OBJC_ROOT_CLASS = YES_ERROR;
				CLANG_WARN_SUSPICIOUS_MOVE = YES;
				CLANG_WARN_UNREACHABLE_CODE = YES;
				CLANG_WARN__DUPLICATE_METHOD_MATCH = YES;
				"CODE_SIGN_IDENTITY[sdk=iphoneos*]" = "iPhone Developer";
				COPY_PHASE_STRIP = NO;
				DEBUG_INFORMATION_FORMAT = dwarf;
				DEVELOPMENT_TEAM = "";
				ENABLE_STRICT_OBJC_MSGSEND = YES;
				ENABLE_TESTABILITY = YES;
				GCC_C_LANGUAGE_STANDARD = gnu99;
				GCC_DYNAMIC_NO_PIC = NO;
				GCC_NO_COMMON_BLOCKS = YES;
				GCC_OPTIMIZATION_LEVEL = 0;
				GCC_PREPROCESSOR_DEFINITIONS = (
					"DEBUG=1",
					"$(inherited)",
				);
				GCC_WARN_64_TO_32_BIT_CONVERSION = YES;
				GCC_WARN_ABOUT_RETURN_TYPE = YES_ERROR;
				GCC_WARN_UNDECLARED_SELECTOR = YES;
				GCC_WARN_UNINITIALIZED_AUTOS = YES_AGGRESSIVE;
				GCC_WARN_UNUSED_FUNCTION = YES;
				GCC_WARN_UNUSED_VARIABLE = YES;
				INFOPLIST_FILE = "$(SRCROOT)/Supporting files/crash-reporting-demo-Info.plist";
				IPHONEOS_DEPLOYMENT_TARGET = 10.3;
				LD_RUNPATH_SEARCH_PATHS = "$(inherited) @executable_path/Frameworks";
				MTL_ENABLE_DEBUG_INFO = YES;
				ONLY_ACTIVE_ARCH = YES;
				PRODUCT_BUNDLE_IDENTIFIER = "cz.ackee.enterprise.crash-reporting-demo";
				PRODUCT_NAME = "$(TARGET_NAME)";
				PROVISIONING_PROFILE_SPECIFIER = "";
				SDKROOT = iphoneos;
				SWIFT_ACTIVE_COMPILATION_CONDITIONS = DEBUG;
				SWIFT_OPTIMIZATION_LEVEL = "-Onone";
				SWIFT_VERSION = 3.0;
			};
			name = Debug;
		};
		69E1C45E1EE03352001AE376 /* Release */ = {
			isa = XCBuildConfiguration;
			baseConfigurationReference = AD609D6D9B9FEACAABAD8BB0 /* Pods-crash-reporting-demo.release.xcconfig */;
			buildSettings = {
				ALWAYS_EMBED_SWIFT_STANDARD_LIBRARIES = "$(inherited)";
				ALWAYS_SEARCH_USER_PATHS = NO;
				ASSETCATALOG_COMPILER_APPICON_NAME = AppIcon;
				CLANG_ANALYZER_NONNULL = YES;
				CLANG_ANALYZER_NUMBER_OBJECT_CONVERSION = YES_AGGRESSIVE;
				CLANG_CXX_LANGUAGE_STANDARD = "gnu++0x";
				CLANG_CXX_LIBRARY = "libc++";
				CLANG_ENABLE_MODULES = YES;
				CLANG_ENABLE_OBJC_ARC = YES;
				CLANG_WARN_BOOL_CONVERSION = YES;
				CLANG_WARN_CONSTANT_CONVERSION = YES;
				CLANG_WARN_DIRECT_OBJC_ISA_USAGE = YES_ERROR;
				CLANG_WARN_DOCUMENTATION_COMMENTS = YES;
				CLANG_WARN_EMPTY_BODY = YES;
				CLANG_WARN_ENUM_CONVERSION = YES;
				CLANG_WARN_INFINITE_RECURSION = YES;
				CLANG_WARN_INT_CONVERSION = YES;
				CLANG_WARN_OBJC_ROOT_CLASS = YES_ERROR;
				CLANG_WARN_SUSPICIOUS_MOVE = YES;
				CLANG_WARN_UNREACHABLE_CODE = YES;
				CLANG_WARN__DUPLICATE_METHOD_MATCH = YES;
				"CODE_SIGN_IDENTITY[sdk=iphoneos*]" = "iPhone Distribution";
				COPY_PHASE_STRIP = NO;
				DEBUG_INFORMATION_FORMAT = "dwarf-with-dsym";
				DEVELOPMENT_TEAM = PXDF48X6VX;
				ENABLE_NS_ASSERTIONS = NO;
				ENABLE_STRICT_OBJC_MSGSEND = YES;
				GCC_C_LANGUAGE_STANDARD = gnu99;
				GCC_NO_COMMON_BLOCKS = YES;
				GCC_WARN_64_TO_32_BIT_CONVERSION = YES;
				GCC_WARN_ABOUT_RETURN_TYPE = YES_ERROR;
				GCC_WARN_UNDECLARED_SELECTOR = YES;
				GCC_WARN_UNINITIALIZED_AUTOS = YES_AGGRESSIVE;
				GCC_WARN_UNUSED_FUNCTION = YES;
				GCC_WARN_UNUSED_VARIABLE = YES;
				INFOPLIST_FILE = "$(SRCROOT)/Supporting files/crash-reporting-demo-Info.plist";
				IPHONEOS_DEPLOYMENT_TARGET = 10.3;
				LD_RUNPATH_SEARCH_PATHS = "$(inherited) @executable_path/Frameworks";
				MTL_ENABLE_DEBUG_INFO = NO;
				PRODUCT_BUNDLE_IDENTIFIER = "cz.ackee.enterprise.crash-reporting-demo";
				PRODUCT_NAME = "$(TARGET_NAME)";
				PROVISIONING_PROFILE = "7f86a139-1fa6-49fb-a444-a60035e0db00";
				PROVISIONING_PROFILE_SPECIFIER = "match InHouse cz.ackee.enterprise.*";
				SDKROOT = iphoneos;
				SWIFT_OPTIMIZATION_LEVEL = "-Onone";
				SWIFT_VERSION = 3.0;
				VALIDATE_PRODUCT = YES;
			};
			name = Release;
		};
		69E1C46F1EE03368001AE376 /* Debug */ = {
			isa = XCBuildConfiguration;
			baseConfigurationReference = 7215EB3B2DC4B9AC8A3A8672 /* Pods-Framework.debug.xcconfig */;
			buildSettings = {
				ALWAYS_SEARCH_USER_PATHS = NO;
				CLANG_ANALYZER_NONNULL = YES;
				CLANG_ANALYZER_NUMBER_OBJECT_CONVERSION = YES_AGGRESSIVE;
				CLANG_CXX_LANGUAGE_STANDARD = "gnu++0x";
				CLANG_CXX_LIBRARY = "libc++";
				CLANG_ENABLE_MODULES = YES;
				CLANG_ENABLE_OBJC_ARC = YES;
				CLANG_WARN_BOOL_CONVERSION = YES;
				CLANG_WARN_CONSTANT_CONVERSION = YES;
				CLANG_WARN_DIRECT_OBJC_ISA_USAGE = YES_ERROR;
				CLANG_WARN_DOCUMENTATION_COMMENTS = YES;
				CLANG_WARN_EMPTY_BODY = YES;
				CLANG_WARN_ENUM_CONVERSION = YES;
				CLANG_WARN_INFINITE_RECURSION = YES;
				CLANG_WARN_INT_CONVERSION = YES;
				CLANG_WARN_OBJC_ROOT_CLASS = YES_ERROR;
				CLANG_WARN_SUSPICIOUS_MOVE = YES;
				CLANG_WARN_UNREACHABLE_CODE = YES;
				CLANG_WARN__DUPLICATE_METHOD_MATCH = YES;
				CODE_SIGN_IDENTITY = "";
				"CODE_SIGN_IDENTITY[sdk=iphoneos*]" = "iPhone Developer";
				COPY_PHASE_STRIP = NO;
				CURRENT_PROJECT_VERSION = 1;
				DEBUG_INFORMATION_FORMAT = dwarf;
				DEFINES_MODULE = YES;
				DYLIB_COMPATIBILITY_VERSION = 1;
				DYLIB_CURRENT_VERSION = 1;
				DYLIB_INSTALL_NAME_BASE = "@rpath";
				ENABLE_STRICT_OBJC_MSGSEND = YES;
				ENABLE_TESTABILITY = YES;
				GCC_C_LANGUAGE_STANDARD = gnu99;
				GCC_DYNAMIC_NO_PIC = NO;
				GCC_NO_COMMON_BLOCKS = YES;
				GCC_OPTIMIZATION_LEVEL = 0;
				GCC_PREPROCESSOR_DEFINITIONS = (
					"DEBUG=1",
					"$(inherited)",
				);
				GCC_WARN_64_TO_32_BIT_CONVERSION = YES;
				GCC_WARN_ABOUT_RETURN_TYPE = YES_ERROR;
				GCC_WARN_UNDECLARED_SELECTOR = YES;
				GCC_WARN_UNINITIALIZED_AUTOS = YES_AGGRESSIVE;
				GCC_WARN_UNUSED_FUNCTION = YES;
				GCC_WARN_UNUSED_VARIABLE = YES;
				INFOPLIST_FILE = "$(SRCROOT)/Supporting files/Framework-Info.plist";
				INSTALL_PATH = "$(LOCAL_LIBRARY_DIR)/Frameworks";
				IPHONEOS_DEPLOYMENT_TARGET = 10.3;
				LD_RUNPATH_SEARCH_PATHS = "$(inherited) @executable_path/Frameworks @loader_path/Frameworks";
				MTL_ENABLE_DEBUG_INFO = YES;
				ONLY_ACTIVE_ARCH = YES;
				PRODUCT_BUNDLE_IDENTIFIER = cz.ackee.enterprise.Framework;
				PRODUCT_NAME = "$(TARGET_NAME)";
				SDKROOT = iphoneos;
				SKIP_INSTALL = YES;
				SWIFT_ACTIVE_COMPILATION_CONDITIONS = DEBUG;
				SWIFT_OPTIMIZATION_LEVEL = "-Onone";
				SWIFT_VERSION = 3.0;
				TARGETED_DEVICE_FAMILY = "1,2";
				VERSIONING_SYSTEM = "apple-generic";
				VERSION_INFO_PREFIX = "";
			};
			name = Debug;
		};
		69E1C4701EE03368001AE376 /* Release */ = {
			isa = XCBuildConfiguration;
			baseConfigurationReference = FC26A9986818787ECF4D8A02 /* Pods-Framework.release.xcconfig */;
			buildSettings = {
				ALWAYS_SEARCH_USER_PATHS = NO;
				CLANG_ANALYZER_NONNULL = YES;
				CLANG_ANALYZER_NUMBER_OBJECT_CONVERSION = YES_AGGRESSIVE;
				CLANG_CXX_LANGUAGE_STANDARD = "gnu++0x";
				CLANG_CXX_LIBRARY = "libc++";
				CLANG_ENABLE_MODULES = YES;
				CLANG_ENABLE_OBJC_ARC = YES;
				CLANG_WARN_BOOL_CONVERSION = YES;
				CLANG_WARN_CONSTANT_CONVERSION = YES;
				CLANG_WARN_DIRECT_OBJC_ISA_USAGE = YES_ERROR;
				CLANG_WARN_DOCUMENTATION_COMMENTS = YES;
				CLANG_WARN_EMPTY_BODY = YES;
				CLANG_WARN_ENUM_CONVERSION = YES;
				CLANG_WARN_INFINITE_RECURSION = YES;
				CLANG_WARN_INT_CONVERSION = YES;
				CLANG_WARN_OBJC_ROOT_CLASS = YES_ERROR;
				CLANG_WARN_SUSPICIOUS_MOVE = YES;
				CLANG_WARN_UNREACHABLE_CODE = YES;
				CLANG_WARN__DUPLICATE_METHOD_MATCH = YES;
				CODE_SIGN_IDENTITY = "";
				"CODE_SIGN_IDENTITY[sdk=iphoneos*]" = "iPhone Developer";
				COPY_PHASE_STRIP = NO;
				CURRENT_PROJECT_VERSION = 1;
				DEBUG_INFORMATION_FORMAT = "dwarf-with-dsym";
				DEFINES_MODULE = YES;
				DYLIB_COMPATIBILITY_VERSION = 1;
				DYLIB_CURRENT_VERSION = 1;
				DYLIB_INSTALL_NAME_BASE = "@rpath";
				ENABLE_NS_ASSERTIONS = NO;
				ENABLE_STRICT_OBJC_MSGSEND = YES;
				GCC_C_LANGUAGE_STANDARD = gnu99;
				GCC_NO_COMMON_BLOCKS = YES;
				GCC_WARN_64_TO_32_BIT_CONVERSION = YES;
				GCC_WARN_ABOUT_RETURN_TYPE = YES_ERROR;
				GCC_WARN_UNDECLARED_SELECTOR = YES;
				GCC_WARN_UNINITIALIZED_AUTOS = YES_AGGRESSIVE;
				GCC_WARN_UNUSED_FUNCTION = YES;
				GCC_WARN_UNUSED_VARIABLE = YES;
				INFOPLIST_FILE = "$(SRCROOT)/Supporting files/Framework-Info.plist";
				INSTALL_PATH = "$(LOCAL_LIBRARY_DIR)/Frameworks";
				IPHONEOS_DEPLOYMENT_TARGET = 10.3;
				LD_RUNPATH_SEARCH_PATHS = "$(inherited) @executable_path/Frameworks @loader_path/Frameworks";
				MTL_ENABLE_DEBUG_INFO = NO;
				PRODUCT_BUNDLE_IDENTIFIER = cz.ackee.enterprise.Framework;
				PRODUCT_NAME = "$(TARGET_NAME)";
				SDKROOT = iphoneos;
				SKIP_INSTALL = YES;
				SWIFT_OPTIMIZATION_LEVEL = "-Onone";
				SWIFT_VERSION = 3.0;
				TARGETED_DEVICE_FAMILY = "1,2";
				VALIDATE_PRODUCT = YES;
				VERSIONING_SYSTEM = "apple-generic";
				VERSION_INFO_PREFIX = "";
			};
			name = Release;
		};
/* End XCBuildConfiguration section */

/* Begin XCConfigurationList section */
		690852441EE0331900451930 /* Build configuration list for PBXProject "crash-reporting-demo" */ = {
			isa = XCConfigurationList;
			buildConfigurations = (
				690852451EE0331900451930 /* Debug */,
				690852461EE0331900451930 /* Release */,
			);
			defaultConfigurationIsVisible = 0;
			defaultConfigurationName = Release;
		};
		69E1C45F1EE03352001AE376 /* Build configuration list for PBXNativeTarget "crash-reporting-demo" */ = {
			isa = XCConfigurationList;
			buildConfigurations = (
				69E1C45D1EE03352001AE376 /* Debug */,
				69E1C45E1EE03352001AE376 /* Release */,
			);
			defaultConfigurationIsVisible = 0;
			defaultConfigurationName = Release;
		};
		69E1C46E1EE03368001AE376 /* Build configuration list for PBXNativeTarget "Framework" */ = {
			isa = XCConfigurationList;
			buildConfigurations = (
				69E1C46F1EE03368001AE376 /* Debug */,
				69E1C4701EE03368001AE376 /* Release */,
			);
			defaultConfigurationIsVisible = 0;
			defaultConfigurationName = Release;
		};
/* End XCConfigurationList section */
	};
	rootObject = 690852411EE0331900451930 /* Project object */;
}
